
Microsoft Visual Studio Solution File, Format Version 12.00
# Visual Studio Version 17
VisualStudioVersion = 17.9.34616.47
MinimumVisualStudioVersion = 10.0.40219.1
Project("{FAE04EC0-301F-11D3-BF4B-00C04F79EFBC}") = "Feb Challenges Question 4", "Feb Challenges Question 4\Feb Challenges Question 4.csproj", "{9BF7457E-EE1E-417B-B7AB-56BF1E759715}"
EndProject
Global
	GlobalSection(SolutionConfigurationPlatforms) = preSolution
		Debug|Any CPU = Debug|Any CPU
		Release|Any CPU = Release|Any CPU
	EndGlobalSection
	GlobalSection(ProjectConfigurationPlatforms) = postSolution
		{9BF7457E-EE1E-417B-B7AB-56BF1E759715}.Debug|Any CPU.ActiveCfg = Debug|Any CPU
		{9BF7457E-EE1E-417B-B7AB-56BF1E759715}.Debug|Any CPU.Build.0 = Debug|Any CPU
		{9BF7457E-EE1E-417B-B7AB-56BF1E759715}.Release|Any CPU.ActiveCfg = Release|Any CPU
		{9BF7457E-EE1E-417B-B7AB-56BF1E759715}.Release|Any CPU.Build.0 = Release|Any CPU
	EndGlobalSection
	GlobalSection(SolutionProperties) = preSolution
		HideSolutionNode = FALSE
	EndGlobalSection
	GlobalSection(ExtensibilityGlobals) = postSolution
		SolutionGuid = {A6C02A9B-1B41-4DB1-9C08-38B58D580E18}
	EndGlobalSection
EndGlobal
